
Microsoft Visual Studio Solution File, Format Version 12.00
# Visual Studio Version 17
VisualStudioVersion = 17.11.35222.181
MinimumVisualStudioVersion = 10.0.40219.1
Project("{FAE04EC0-301F-11D3-BF4B-00C04F79EFBC}") = "CSEg.EntityLayer", "CSEg.EntityLayer\CSEg.EntityLayer.csproj", "{CDB23774-ADD8-44C6-9948-EA8DCF89B41C}"
EndProject
Project("{FAE04EC0-301F-11D3-BF4B-00C04F79EFBC}") = "CSEg.DataAccessLayer", "CSEg.DataAccessLayer\CSEg.DataAccessLayer.csproj", "{FC4449F4-FF99-42F3-B9DE-400C0EBF0BB9}"
EndProject
Project("{FAE04EC0-301F-11D3-BF4B-00C04F79EFBC}") = "CSEg.BusinessLayer", "CSEg.BusinessLayer\CSEg.BusinessLayer.csproj", "{53249B8B-0FE9-4F05-81D2-8FF586876A0A}"
EndProject
Project("{FAE04EC0-301F-11D3-BF4B-00C04F79EFBC}") = "CSEg.PresentationLayer", "CSEg.PresentationLayer\CSEg.PresentationLayer.csproj", "{6F4DDC68-945A-428F-BFDC-7DFB2B8693E5}"
EndProject
Project("{FAE04EC0-301F-11D3-BF4B-00C04F79EFBC}") = "CSEg.EFProject", "CSEg.EFProject\CSEg.EFProject.csproj", "{E5961043-50BF-4F22-9DBE-1AE985F310C6}"
EndProject
Global
	GlobalSection(SolutionConfigurationPlatforms) = preSolution
		Debug|Any CPU = Debug|Any CPU
		Release|Any CPU = Release|Any CPU
	EndGlobalSection
	GlobalSection(ProjectConfigurationPlatforms) = postSolution
		{CDB23774-ADD8-44C6-9948-EA8DCF89B41C}.Debug|Any CPU.ActiveCfg = Debug|Any CPU
		{CDB23774-ADD8-44C6-9948-EA8DCF89B41C}.Debug|Any CPU.Build.0 = Debug|Any CPU
		{CDB23774-ADD8-44C6-9948-EA8DCF89B41C}.Release|Any CPU.ActiveCfg = Release|Any CPU
		{CDB23774-ADD8-44C6-9948-EA8DCF89B41C}.Release|Any CPU.Build.0 = Release|Any CPU
		{FC4449F4-FF99-42F3-B9DE-400C0EBF0BB9}.Debug|Any CPU.ActiveCfg = Debug|Any CPU
		{FC4449F4-FF99-42F3-B9DE-400C0EBF0BB9}.Debug|Any CPU.Build.0 = Debug|Any CPU
		{FC4449F4-FF99-42F3-B9DE-400C0EBF0BB9}.Release|Any CPU.ActiveCfg = Release|Any CPU
		{FC4449F4-FF99-42F3-B9DE-400C0EBF0BB9}.Release|Any CPU.Build.0 = Release|Any CPU
		{53249B8B-0FE9-4F05-81D2-8FF586876A0A}.Debug|Any CPU.ActiveCfg = Debug|Any CPU
		{53249B8B-0FE9-4F05-81D2-8FF586876A0A}.Debug|Any CPU.Build.0 = Debug|Any CPU
		{53249B8B-0FE9-4F05-81D2-8FF586876A0A}.Release|Any CPU.ActiveCfg = Release|Any CPU
		{53249B8B-0FE9-4F05-81D2-8FF586876A0A}.Release|Any CPU.Build.0 = Release|Any CPU
		{6F4DDC68-945A-428F-BFDC-7DFB2B8693E5}.Debug|Any CPU.ActiveCfg = Debug|Any CPU
		{6F4DDC68-945A-428F-BFDC-7DFB2B8693E5}.Debug|Any CPU.Build.0 = Debug|Any CPU
		{6F4DDC68-945A-428F-BFDC-7DFB2B8693E5}.Release|Any CPU.ActiveCfg = Release|Any CPU
		{6F4DDC68-945A-428F-BFDC-7DFB2B8693E5}.Release|Any CPU.Build.0 = Release|Any CPU
		{E5961043-50BF-4F22-9DBE-1AE985F310C6}.Debug|Any CPU.ActiveCfg = Debug|Any CPU
		{E5961043-50BF-4F22-9DBE-1AE985F310C6}.Debug|Any CPU.Build.0 = Debug|Any CPU
		{E5961043-50BF-4F22-9DBE-1AE985F310C6}.Release|Any CPU.ActiveCfg = Release|Any CPU
		{E5961043-50BF-4F22-9DBE-1AE985F310C6}.Release|Any CPU.Build.0 = Release|Any CPU
	EndGlobalSection
	GlobalSection(SolutionProperties) = preSolution
		HideSolutionNode = FALSE
	EndGlobalSection
	GlobalSection(ExtensibilityGlobals) = postSolution
		SolutionGuid = {D70F1F05-9267-4DC7-83A9-147B5C13B766}
	EndGlobalSection
EndGlobal
